
Microsoft Visual Studio Solution File, Format Version 12.00
# Visual Studio Version 16
VisualStudioVersion = 16.0.32630.194
MinimumVisualStudioVersion = 10.0.40219.1
Project("{9A19103F-16F7-4668-BE54-9A1E7A4F7556}") = "Homework_1", "Homework_1\Homework_1.csproj", "{757C3C32-79B0-4F90-8D10-8E7F44B0B5B8}"
EndProject
Project("{9A19103F-16F7-4668-BE54-9A1E7A4F7556}") = "Homework_2", "Homework_2\Homework_2.csproj", "{39B16C72-1B1C-491B-BACC-BDE91FFA1DA8}"
EndProject
Project("{2150E333-8FDC-42A3-9474-1A3956D46DE8}") = "Homework_3", "Homework_3", "{11220907-28F5-4D3E-B4D0-20006E91F84B}"
EndProject
Project("{9A19103F-16F7-4668-BE54-9A1E7A4F7556}") = "Ex1", "Homework_3\Ex1\Ex1.csproj", "{935E435A-6B1A-4717-A386-2FFD0A3CE560}"
EndProject
Project("{9A19103F-16F7-4668-BE54-9A1E7A4F7556}") = "Ex2", "Homework_3\Ex2\Ex2.csproj", "{F29F436D-B6BF-4D77-ACBA-2BD5F10624DA}"
EndProject
Project("{9A19103F-16F7-4668-BE54-9A1E7A4F7556}") = "Ex3", "Homework_3\Ex3\Ex3.csproj", "{049238C0-5D4A-443E-8BD5-BCCDFA50B174}"
EndProject
Project("{9A19103F-16F7-4668-BE54-9A1E7A4F7556}") = "Ex4", "Homework_3\Ex4\Ex4.csproj", "{D9DF83EC-41C4-4902-A70C-67C0765D29A6}"
EndProject
Project("{9A19103F-16F7-4668-BE54-9A1E7A4F7556}") = "Ex5", "Homework_3\Ex5\Ex5.csproj", "{CCA89DC5-8B19-4BA0-8C0B-E5E5651B98C9}"
EndProject
Project("{2150E333-8FDC-42A3-9474-1A3956D46DE8}") = "Homework_4", "Homework_4", "{B6C9A683-75DE-4EA5-B0CF-0CA0734B052F}"
EndProject
Project("{9A19103F-16F7-4668-BE54-9A1E7A4F7556}") = "Ex1_2", "Homework_4\Ex1\Ex1_2.csproj", "{917133EE-B05B-4895-8543-490A632AEDCA}"
EndProject
Project("{9A19103F-16F7-4668-BE54-9A1E7A4F7556}") = "Ex3", "Homework_4\Ex3\Ex3.csproj", "{F6BF9DA8-32CC-4186-8103-5D2AF71901B9}"
EndProject
Project("{2150E333-8FDC-42A3-9474-1A3956D46DE8}") = "Homework_5", "Homework_5", "{8BE3CB16-10BA-45CC-8FCF-9513972F50EB}"
EndProject
Project("{FAE04EC0-301F-11D3-BF4B-00C04F79EFBC}") = "Ex1", "Homework_5\Ex1\Ex1.csproj", "{28C62223-940C-4C66-B0A5-40DDF6042B8B}"
EndProject
Project("{FAE04EC0-301F-11D3-BF4B-00C04F79EFBC}") = "Ex2", "Homework_5\Ex2\Ex2.csproj", "{C0449329-7C51-4DDD-8C6E-BB9667B3B93E}"
EndProject
Global
	GlobalSection(SolutionConfigurationPlatforms) = preSolution
		Debug|Any CPU = Debug|Any CPU
		Release|Any CPU = Release|Any CPU
	EndGlobalSection
	GlobalSection(ProjectConfigurationPlatforms) = postSolution
		{757C3C32-79B0-4F90-8D10-8E7F44B0B5B8}.Debug|Any CPU.ActiveCfg = Debug|Any CPU
		{757C3C32-79B0-4F90-8D10-8E7F44B0B5B8}.Debug|Any CPU.Build.0 = Debug|Any CPU
		{757C3C32-79B0-4F90-8D10-8E7F44B0B5B8}.Release|Any CPU.ActiveCfg = Release|Any CPU
		{757C3C32-79B0-4F90-8D10-8E7F44B0B5B8}.Release|Any CPU.Build.0 = Release|Any CPU
		{39B16C72-1B1C-491B-BACC-BDE91FFA1DA8}.Debug|Any CPU.ActiveCfg = Debug|Any CPU
		{39B16C72-1B1C-491B-BACC-BDE91FFA1DA8}.Debug|Any CPU.Build.0 = Debug|Any CPU
		{39B16C72-1B1C-491B-BACC-BDE91FFA1DA8}.Release|Any CPU.ActiveCfg = Release|Any CPU
		{39B16C72-1B1C-491B-BACC-BDE91FFA1DA8}.Release|Any CPU.Build.0 = Release|Any CPU
		{935E435A-6B1A-4717-A386-2FFD0A3CE560}.Debug|Any CPU.ActiveCfg = Debug|Any CPU
		{935E435A-6B1A-4717-A386-2FFD0A3CE560}.Debug|Any CPU.Build.0 = Debug|Any CPU
		{935E435A-6B1A-4717-A386-2FFD0A3CE560}.Release|Any CPU.ActiveCfg = Release|Any CPU
		{935E435A-6B1A-4717-A386-2FFD0A3CE560}.Release|Any CPU.Build.0 = Release|Any CPU
		{F29F436D-B6BF-4D77-ACBA-2BD5F10624DA}.Debug|Any CPU.ActiveCfg = Debug|Any CPU
		{F29F436D-B6BF-4D77-ACBA-2BD5F10624DA}.Debug|Any CPU.Build.0 = Debug|Any CPU
		{F29F436D-B6BF-4D77-ACBA-2BD5F10624DA}.Release|Any CPU.ActiveCfg = Release|Any CPU
		{F29F436D-B6BF-4D77-ACBA-2BD5F10624DA}.Release|Any CPU.Build.0 = Release|Any CPU
		{049238C0-5D4A-443E-8BD5-BCCDFA50B174}.Debug|Any CPU.ActiveCfg = Debug|Any CPU
		{049238C0-5D4A-443E-8BD5-BCCDFA50B174}.Debug|Any CPU.Build.0 = Debug|Any CPU
		{049238C0-5D4A-443E-8BD5-BCCDFA50B174}.Release|Any CPU.ActiveCfg = Release|Any CPU
		{049238C0-5D4A-443E-8BD5-BCCDFA50B174}.Release|Any CPU.Build.0 = Release|Any CPU
		{D9DF83EC-41C4-4902-A70C-67C0765D29A6}.Debug|Any CPU.ActiveCfg = Debug|Any CPU
		{D9DF83EC-41C4-4902-A70C-67C0765D29A6}.Debug|Any CPU.Build.0 = Debug|Any CPU
		{D9DF83EC-41C4-4902-A70C-67C0765D29A6}.Release|Any CPU.ActiveCfg = Release|Any CPU
		{D9DF83EC-41C4-4902-A70C-67C0765D29A6}.Release|Any CPU.Build.0 = Release|Any CPU
		{CCA89DC5-8B19-4BA0-8C0B-E5E5651B98C9}.Debug|Any CPU.ActiveCfg = Debug|Any CPU
		{CCA89DC5-8B19-4BA0-8C0B-E5E5651B98C9}.Debug|Any CPU.Build.0 = Debug|Any CPU
		{CCA89DC5-8B19-4BA0-8C0B-E5E5651B98C9}.Release|Any CPU.ActiveCfg = Release|Any CPU
		{CCA89DC5-8B19-4BA0-8C0B-E5E5651B98C9}.Release|Any CPU.Build.0 = Release|Any CPU
		{917133EE-B05B-4895-8543-490A632AEDCA}.Debug|Any CPU.ActiveCfg = Debug|Any CPU
		{917133EE-B05B-4895-8543-490A632AEDCA}.Debug|Any CPU.Build.0 = Debug|Any CPU
		{917133EE-B05B-4895-8543-490A632AEDCA}.Release|Any CPU.ActiveCfg = Release|Any CPU
		{917133EE-B05B-4895-8543-490A632AEDCA}.Release|Any CPU.Build.0 = Release|Any CPU
		{F6BF9DA8-32CC-4186-8103-5D2AF71901B9}.Debug|Any CPU.ActiveCfg = Debug|Any CPU
		{F6BF9DA8-32CC-4186-8103-5D2AF71901B9}.Debug|Any CPU.Build.0 = Debug|Any CPU
		{F6BF9DA8-32CC-4186-8103-5D2AF71901B9}.Release|Any CPU.ActiveCfg = Release|Any CPU
		{F6BF9DA8-32CC-4186-8103-5D2AF71901B9}.Release|Any CPU.Build.0 = Release|Any CPU
		{28C62223-940C-4C66-B0A5-40DDF6042B8B}.Debug|Any CPU.ActiveCfg = Debug|Any CPU
		{28C62223-940C-4C66-B0A5-40DDF6042B8B}.Debug|Any CPU.Build.0 = Debug|Any CPU
		{28C62223-940C-4C66-B0A5-40DDF6042B8B}.Release|Any CPU.ActiveCfg = Release|Any CPU
		{28C62223-940C-4C66-B0A5-40DDF6042B8B}.Release|Any CPU.Build.0 = Release|Any CPU
		{C0449329-7C51-4DDD-8C6E-BB9667B3B93E}.Debug|Any CPU.ActiveCfg = Debug|Any CPU
		{C0449329-7C51-4DDD-8C6E-BB9667B3B93E}.Debug|Any CPU.Build.0 = Debug|Any CPU
		{C0449329-7C51-4DDD-8C6E-BB9667B3B93E}.Release|Any CPU.ActiveCfg = Release|Any CPU
		{C0449329-7C51-4DDD-8C6E-BB9667B3B93E}.Release|Any CPU.Build.0 = Release|Any CPU
	EndGlobalSection
	GlobalSection(SolutionProperties) = preSolution
		HideSolutionNode = FALSE
	EndGlobalSection
	GlobalSection(NestedProjects) = preSolution
		{935E435A-6B1A-4717-A386-2FFD0A3CE560} = {11220907-28F5-4D3E-B4D0-20006E91F84B}
		{F29F436D-B6BF-4D77-ACBA-2BD5F10624DA} = {11220907-28F5-4D3E-B4D0-20006E91F84B}
		{049238C0-5D4A-443E-8BD5-BCCDFA50B174} = {11220907-28F5-4D3E-B4D0-20006E91F84B}
		{D9DF83EC-41C4-4902-A70C-67C0765D29A6} = {11220907-28F5-4D3E-B4D0-20006E91F84B}
		{CCA89DC5-8B19-4BA0-8C0B-E5E5651B98C9} = {11220907-28F5-4D3E-B4D0-20006E91F84B}
		{917133EE-B05B-4895-8543-490A632AEDCA} = {B6C9A683-75DE-4EA5-B0CF-0CA0734B052F}
		{F6BF9DA8-32CC-4186-8103-5D2AF71901B9} = {B6C9A683-75DE-4EA5-B0CF-0CA0734B052F}
		{28C62223-940C-4C66-B0A5-40DDF6042B8B} = {8BE3CB16-10BA-45CC-8FCF-9513972F50EB}
		{C0449329-7C51-4DDD-8C6E-BB9667B3B93E} = {8BE3CB16-10BA-45CC-8FCF-9513972F50EB}
	EndGlobalSection
	GlobalSection(ExtensibilityGlobals) = postSolution
		SolutionGuid = {974FAF0F-1830-4629-9AF5-6F90331C179C}
	EndGlobalSection
EndGlobal
